
Microsoft Visual Studio Solution File, Format Version 12.00
# Visual Studio Version 17
VisualStudioVersion = 17.14.36408.4 d17.14
MinimumVisualStudioVersion = 10.0.40219.1
Project("{FAE04EC0-301F-11D3-BF4B-00C04F79EFBC}") = "WebApiRoleBasedAuthorizationUsingJwt", "WebApiRoleBasedAuthorizationUsingJwt.csproj", "{0D033890-8296-42C5-967A-8C17D5CA174E}"
EndProject
Global
	GlobalSection(SolutionConfigurationPlatforms) = preSolution
		Debug|Any CPU = Debug|Any CPU
		Release|Any CPU = Release|Any CPU
	EndGlobalSection
	GlobalSection(ProjectConfigurationPlatforms) = postSolution
		{0D033890-8296-42C5-967A-8C17D5CA174E}.Debug|Any CPU.ActiveCfg = Debug|Any CPU
		{0D033890-8296-42C5-967A-8C17D5CA174E}.Debug|Any CPU.Build.0 = Debug|Any CPU
		{0D033890-8296-42C5-967A-8C17D5CA174E}.Release|Any CPU.ActiveCfg = Release|Any CPU
		{0D033890-8296-42C5-967A-8C17D5CA174E}.Release|Any CPU.Build.0 = Release|Any CPU
	EndGlobalSection
	GlobalSection(SolutionProperties) = preSolution
		HideSolutionNode = FALSE
	EndGlobalSection
	GlobalSection(ExtensibilityGlobals) = postSolution
		SolutionGuid = {E104C172-0E18-4B2A-A07D-9B871FD84B40}
	EndGlobalSection
EndGlobal
